// !$*UTF8*$!
{
	archiveVersion = 1;
	classes = {
	};
	objectVersion = 50;
	objects = {

/* Begin PBXBuildFile section */
		F035E177284B76CA00E6F2E6 /* AppDelegate.swift in Sources */ = {isa = PBXBuildFile; fileRef = F035E176284B76CA00E6F2E6 /* AppDelegate.swift */; };
		F035E179284B76CA00E6F2E6 /* SceneDelegate.swift in Sources */ = {isa = PBXBuildFile; fileRef = F035E178284B76CA00E6F2E6 /* SceneDelegate.swift */; };
		F035E17B284B76CA00E6F2E6 /* ViewController.swift in Sources */ = {isa = PBXBuildFile; fileRef = F035E17A284B76CA00E6F2E6 /* ViewController.swift */; };
		F035E17E284B76CA00E6F2E6 /* Main.storyboard in Resources */ = {isa = PBXBuildFile; fileRef = F035E17C284B76CA00E6F2E6 /* Main.storyboard */; };
		F035E180284B76CC00E6F2E6 /* Assets.xcassets in Resources */ = {isa = PBXBuildFile; fileRef = F035E17F284B76CC00E6F2E6 /* Assets.xcassets */; };
		F035E183284B76CC00E6F2E6 /* LaunchScreen.storyboard in Resources */ = {isa = PBXBuildFile; fileRef = F035E181284B76CC00E6F2E6 /* LaunchScreen.storyboard */; };
		F035E18E284B76CC00E6F2E6 /* penduTests.swift in Sources */ = {isa = PBXBuildFile; fileRef = F035E18D284B76CC00E6F2E6 /* penduTests.swift */; };
		F035E199284B76CC00E6F2E6 /* penduUITests.swift in Sources */ = {isa = PBXBuildFile; fileRef = F035E198284B76CC00E6F2E6 /* penduUITests.swift */; };
		F035E1AE284B79A000E6F2E6 /* GameViewController.swift in Sources */ = {isa = PBXBuildFile; fileRef = F035E1AC284B79A000E6F2E6 /* GameViewController.swift */; };
		F035E1AF284B79A000E6F2E6 /* GameViewController.xib in Resources */ = {isa = PBXBuildFile; fileRef = F035E1AD284B79A000E6F2E6 /* GameViewController.xib */; };
		F035E1BC284B807100E6F2E6 /* GameStoryboard.storyboard in Resources */ = {isa = PBXBuildFile; fileRef = F035E1BB284B807100E6F2E6 /* GameStoryboard.storyboard */; };
		F035E1CB284BB54600E6F2E6 /* KeyboardButtonController.swift in Sources */ = {isa = PBXBuildFile; fileRef = F035E1CA284BB54600E6F2E6 /* KeyboardButtonController.swift */; };
		F035E1D0284BB7FA00E6F2E6 /* KeyboardButtonView.xib in Resources */ = {isa = PBXBuildFile; fileRef = F035E1CF284BB7FA00E6F2E6 /* KeyboardButtonView.xib */; };
		F035E1DB284BE7D700E6F2E6 /* KeyboardView.xib in Resources */ = {isa = PBXBuildFile; fileRef = F035E1DA284BE7D700E6F2E6 /* KeyboardView.xib */; };
		F035E1E0284BE89500E6F2E6 /* KeyboardController.swift in Sources */ = {isa = PBXBuildFile; fileRef = F035E1DF284BE89500E6F2E6 /* KeyboardController.swift */; };
		F035E1EB284C207F00E6F2E6 /* AnwserLetterView.xib in Resources */ = {isa = PBXBuildFile; fileRef = F035E1EA284C207F00E6F2E6 /* AnwserLetterView.xib */; };
		F035E1F0284C24A900E6F2E6 /* AnwserLetterController.swift in Sources */ = {isa = PBXBuildFile; fileRef = F035E1EF284C24A900E6F2E6 /* AnwserLetterController.swift */; };
		F035E1F5284C25B300E6F2E6 /* AnswerController.swift in Sources */ = {isa = PBXBuildFile; fileRef = F035E1F4284C25B300E6F2E6 /* AnswerController.swift */; };
		F035E1FB284C30CC00E6F2E6 /* RandomFrenchWord.swift in Sources */ = {isa = PBXBuildFile; fileRef = F035E1FA284C30CC00E6F2E6 /* RandomFrenchWord.swift */; };
		F035E203284D857700E6F2E6 /* Game.swift in Sources */ = {isa = PBXBuildFile; fileRef = F035E202284D857700E6F2E6 /* Game.swift */; };
/* End PBXBuildFile section */

/* Begin PBXContainerItemProxy section */
		F035E18A284B76CC00E6F2E6 /* PBXContainerItemProxy */ = {
			isa = PBXContainerItemProxy;
			containerPortal = F035E16B284B76CA00E6F2E6 /* Project object */;
			proxyType = 1;
			remoteGlobalIDString = F035E172284B76CA00E6F2E6;
			remoteInfo = pendu;
		};
		F035E195284B76CC00E6F2E6 /* PBXContainerItemProxy */ = {
			isa = PBXContainerItemProxy;
			containerPortal = F035E16B284B76CA00E6F2E6 /* Project object */;
			proxyType = 1;
			remoteGlobalIDString = F035E172284B76CA00E6F2E6;
			remoteInfo = pendu;
		};
/* End PBXContainerItemProxy section */

/* Begin PBXFileReference section */
		F035E173284B76CA00E6F2E6 /* pendu.app */ = {isa = PBXFileReference; explicitFileType = wrapper.application; includeInIndex = 0; path = pendu.app; sourceTree = BUILT_PRODUCTS_DIR; };
		F035E176284B76CA00E6F2E6 /* AppDelegate.swift */ = {isa = PBXFileReference; lastKnownFileType = sourcecode.swift; path = AppDelegate.swift; sourceTree = "<group>"; };
		F035E178284B76CA00E6F2E6 /* SceneDelegate.swift */ = {isa = PBXFileReference; lastKnownFileType = sourcecode.swift; path = SceneDelegate.swift; sourceTree = "<group>"; };
		F035E17A284B76CA00E6F2E6 /* ViewController.swift */ = {isa = PBXFileReference; lastKnownFileType = sourcecode.swift; path = ViewController.swift; sourceTree = "<group>"; };
		F035E17D284B76CA00E6F2E6 /* Base */ = {isa = PBXFileReference; lastKnownFileType = file.storyboard; name = Base; path = Base.lproj/Main.storyboard; sourceTree = "<group>"; };
		F035E17F284B76CC00E6F2E6 /* Assets.xcassets */ = {isa = PBXFileReference; lastKnownFileType = folder.assetcatalog; path = Assets.xcassets; sourceTree = "<group>"; };
		F035E182284B76CC00E6F2E6 /* Base */ = {isa = PBXFileReference; lastKnownFileType = file.storyboard; name = Base; path = Base.lproj/LaunchScreen.storyboard; sourceTree = "<group>"; };
		F035E184284B76CC00E6F2E6 /* Info.plist */ = {isa = PBXFileReference; lastKnownFileType = text.plist.xml; path = Info.plist; sourceTree = "<group>"; };
		F035E189284B76CC00E6F2E6 /* penduTests.xctest */ = {isa = PBXFileReference; explicitFileType = wrapper.cfbundle; includeInIndex = 0; path = penduTests.xctest; sourceTree = BUILT_PRODUCTS_DIR; };
		F035E18D284B76CC00E6F2E6 /* penduTests.swift */ = {isa = PBXFileReference; lastKnownFileType = sourcecode.swift; path = penduTests.swift; sourceTree = "<group>"; };
		F035E18F284B76CC00E6F2E6 /* Info.plist */ = {isa = PBXFileReference; lastKnownFileType = text.plist.xml; path = Info.plist; sourceTree = "<group>"; };
		F035E194284B76CC00E6F2E6 /* penduUITests.xctest */ = {isa = PBXFileReference; explicitFileType = wrapper.cfbundle; includeInIndex = 0; path = penduUITests.xctest; sourceTree = BUILT_PRODUCTS_DIR; };
		F035E198284B76CC00E6F2E6 /* penduUITests.swift */ = {isa = PBXFileReference; lastKnownFileType = sourcecode.swift; path = penduUITests.swift; sourceTree = "<group>"; };
		F035E19A284B76CC00E6F2E6 /* Info.plist */ = {isa = PBXFileReference; lastKnownFileType = text.plist.xml; path = Info.plist; sourceTree = "<group>"; };
		F035E1AC284B79A000E6F2E6 /* GameViewController.swift */ = {isa = PBXFileReference; lastKnownFileType = sourcecode.swift; path = GameViewController.swift; sourceTree = "<group>"; };
		F035E1AD284B79A000E6F2E6 /* GameViewController.xib */ = {isa = PBXFileReference; lastKnownFileType = file.xib; path = GameViewController.xib; sourceTree = "<group>"; };
		F035E1BB284B807100E6F2E6 /* GameStoryboard.storyboard */ = {isa = PBXFileReference; lastKnownFileType = file.storyboard; name = GameStoryboard.storyboard; path = Views/GameStoryboard.storyboard; sourceTree = "<group>"; };
		F035E1CA284BB54600E6F2E6 /* KeyboardButtonController.swift */ = {isa = PBXFileReference; lastKnownFileType = sourcecode.swift; path = KeyboardButtonController.swift; sourceTree = "<group>"; };
		F035E1CF284BB7FA00E6F2E6 /* KeyboardButtonView.xib */ = {isa = PBXFileReference; lastKnownFileType = file.xib; path = KeyboardButtonView.xib; sourceTree = "<group>"; };
		F035E1DA284BE7D700E6F2E6 /* KeyboardView.xib */ = {isa = PBXFileReference; lastKnownFileType = file.xib; path = KeyboardView.xib; sourceTree = "<group>"; };
		F035E1DF284BE89500E6F2E6 /* KeyboardController.swift */ = {isa = PBXFileReference; lastKnownFileType = sourcecode.swift; path = KeyboardController.swift; sourceTree = "<group>"; };
		F035E1EA284C207F00E6F2E6 /* AnwserLetterView.xib */ = {isa = PBXFileReference; lastKnownFileType = file.xib; path = AnwserLetterView.xib; sourceTree = "<group>"; };
		F035E1EF284C24A900E6F2E6 /* AnwserLetterController.swift */ = {isa = PBXFileReference; lastKnownFileType = sourcecode.swift; path = AnwserLetterController.swift; sourceTree = "<group>"; };
		F035E1F4284C25B300E6F2E6 /* AnswerController.swift */ = {isa = PBXFileReference; lastKnownFileType = sourcecode.swift; path = AnswerController.swift; sourceTree = "<group>"; };
		F035E1FA284C30CC00E6F2E6 /* RandomFrenchWord.swift */ = {isa = PBXFileReference; lastKnownFileType = sourcecode.swift; path = RandomFrenchWord.swift; sourceTree = "<group>"; };
		F035E202284D857700E6F2E6 /* Game.swift */ = {isa = PBXFileReference; lastKnownFileType = sourcecode.swift; path = Game.swift; sourceTree = "<group>"; };
/* End PBXFileReference section */

/* Begin PBXFrameworksBuildPhase section */
		F035E170284B76CA00E6F2E6 /* Frameworks */ = {
			isa = PBXFrameworksBuildPhase;
			buildActionMask = 2147483647;
			files = (
			);
			runOnlyForDeploymentPostprocessing = 0;
		};
		F035E186284B76CC00E6F2E6 /* Frameworks */ = {
			isa = PBXFrameworksBuildPhase;
			buildActionMask = 2147483647;
			files = (
			);
			runOnlyForDeploymentPostprocessing = 0;
		};
		F035E191284B76CC00E6F2E6 /* Frameworks */ = {
			isa = PBXFrameworksBuildPhase;
			buildActionMask = 2147483647;
			files = (
			);
			runOnlyForDeploymentPostprocessing = 0;
		};
/* End PBXFrameworksBuildPhase section */

/* Begin PBXGroup section */
		F035E16A284B76CA00E6F2E6 = {
			isa = PBXGroup;
			children = (
				F035E175284B76CA00E6F2E6 /* pendu */,
				F035E18C284B76CC00E6F2E6 /* penduTests */,
				F035E197284B76CC00E6F2E6 /* penduUITests */,
				F035E174284B76CA00E6F2E6 /* Products */,
			);
			sourceTree = "<group>";
		};
		F035E174284B76CA00E6F2E6 /* Products */ = {
			isa = PBXGroup;
			children = (
				F035E173284B76CA00E6F2E6 /* pendu.app */,
				F035E189284B76CC00E6F2E6 /* penduTests.xctest */,
				F035E194284B76CC00E6F2E6 /* penduUITests.xctest */,
			);
			name = Products;
			sourceTree = "<group>";
		};
		F035E175284B76CA00E6F2E6 /* pendu */ = {
			isa = PBXGroup;
			children = (
				F035E1F9284C30AB00E6F2E6 /* Models */,
				F035E176284B76CA00E6F2E6 /* AppDelegate.swift */,
				F035E178284B76CA00E6F2E6 /* SceneDelegate.swift */,
				F035E1C8284BB4D700E6F2E6 /* Controllers */,
				F035E1C9284BB4FF00E6F2E6 /* View */,
				F035E1BB284B807100E6F2E6 /* GameStoryboard.storyboard */,
				F035E17F284B76CC00E6F2E6 /* Assets.xcassets */,
				F035E181284B76CC00E6F2E6 /* LaunchScreen.storyboard */,
				F035E184284B76CC00E6F2E6 /* Info.plist */,
			);
			path = pendu;
			sourceTree = "<group>";
		};
		F035E18C284B76CC00E6F2E6 /* penduTests */ = {
			isa = PBXGroup;
			children = (
				F035E18D284B76CC00E6F2E6 /* penduTests.swift */,
				F035E18F284B76CC00E6F2E6 /* Info.plist */,
			);
			path = penduTests;
			sourceTree = "<group>";
		};
		F035E197284B76CC00E6F2E6 /* penduUITests */ = {
			isa = PBXGroup;
			children = (
				F035E198284B76CC00E6F2E6 /* penduUITests.swift */,
				F035E19A284B76CC00E6F2E6 /* Info.plist */,
			);
			path = penduUITests;
			sourceTree = "<group>";
		};
		F035E1C8284BB4D700E6F2E6 /* Controllers */ = {
			isa = PBXGroup;
			children = (
				F035E17A284B76CA00E6F2E6 /* ViewController.swift */,
				F035E1CA284BB54600E6F2E6 /* KeyboardButtonController.swift */,
				F035E1AC284B79A000E6F2E6 /* GameViewController.swift */,
				F035E1DF284BE89500E6F2E6 /* KeyboardController.swift */,
				F035E1EF284C24A900E6F2E6 /* AnwserLetterController.swift */,
				F035E1F4284C25B300E6F2E6 /* AnswerController.swift */,
			);
			path = Controllers;
			sourceTree = "<group>";
		};
		F035E1C9284BB4FF00E6F2E6 /* View */ = {
			isa = PBXGroup;
			children = (
				F035E17C284B76CA00E6F2E6 /* Main.storyboard */,
				F035E1AD284B79A000E6F2E6 /* GameViewController.xib */,
				F035E1DA284BE7D700E6F2E6 /* KeyboardView.xib */,
				F035E1CF284BB7FA00E6F2E6 /* KeyboardButtonView.xib */,
				F035E1EA284C207F00E6F2E6 /* AnwserLetterView.xib */,
			);
			path = View;
			sourceTree = "<group>";
		};
		F035E1F9284C30AB00E6F2E6 /* Models */ = {
			isa = PBXGroup;
			children = (
				F035E1FA284C30CC00E6F2E6 /* RandomFrenchWord.swift */,
				F035E202284D857700E6F2E6 /* Game.swift */,
			);
			path = Models;
			sourceTree = "<group>";
		};
/* End PBXGroup section */

/* Begin PBXNativeTarget section */
		F035E172284B76CA00E6F2E6 /* pendu */ = {
			isa = PBXNativeTarget;
			buildConfigurationList = F035E19D284B76CC00E6F2E6 /* Build configuration list for PBXNativeTarget "pendu" */;
			buildPhases = (
				F035E16F284B76CA00E6F2E6 /* Sources */,
				F035E170284B76CA00E6F2E6 /* Frameworks */,
				F035E171284B76CA00E6F2E6 /* Resources */,
			);
			buildRules = (
			);
			dependencies = (
			);
			name = pendu;
			productName = pendu;
			productReference = F035E173284B76CA00E6F2E6 /* pendu.app */;
			productType = "com.apple.product-type.application";
		};
		F035E188284B76CC00E6F2E6 /* penduTests */ = {
			isa = PBXNativeTarget;
			buildConfigurationList = F035E1A0284B76CC00E6F2E6 /* Build configuration list for PBXNativeTarget "penduTests" */;
			buildPhases = (
				F035E185284B76CC00E6F2E6 /* Sources */,
				F035E186284B76CC00E6F2E6 /* Frameworks */,
				F035E187284B76CC00E6F2E6 /* Resources */,
			);
			buildRules = (
			);
			dependencies = (
				F035E18B284B76CC00E6F2E6 /* PBXTargetDependency */,
			);
			name = penduTests;
			productName = penduTests;
			productReference = F035E189284B76CC00E6F2E6 /* penduTests.xctest */;
			productType = "com.apple.product-type.bundle.unit-test";
		};
		F035E193284B76CC00E6F2E6 /* penduUITests */ = {
			isa = PBXNativeTarget;
			buildConfigurationList = F035E1A3284B76CC00E6F2E6 /* Build configuration list for PBXNativeTarget "penduUITests" */;
			buildPhases = (
				F035E190284B76CC00E6F2E6 /* Sources */,
				F035E191284B76CC00E6F2E6 /* Frameworks */,
				F035E192284B76CC00E6F2E6 /* Resources */,
			);
			buildRules = (
			);
			dependencies = (
				F035E196284B76CC00E6F2E6 /* PBXTargetDependency */,
			);
			name = penduUITests;
			productName = penduUITests;
			productReference = F035E194284B76CC00E6F2E6 /* penduUITests.xctest */;
			productType = "com.apple.product-type.bundle.ui-testing";
		};
/* End PBXNativeTarget section */

/* Begin PBXProject section */
		F035E16B284B76CA00E6F2E6 /* Project object */ = {
			isa = PBXProject;
			attributes = {
				LastSwiftUpdateCheck = 1240;
				LastUpgradeCheck = 1240;
				TargetAttributes = {
					F035E172284B76CA00E6F2E6 = {
						CreatedOnToolsVersion = 12.4;
					};
					F035E188284B76CC00E6F2E6 = {
						CreatedOnToolsVersion = 12.4;
						TestTargetID = F035E172284B76CA00E6F2E6;
					};
					F035E193284B76CC00E6F2E6 = {
						CreatedOnToolsVersion = 12.4;
						TestTargetID = F035E172284B76CA00E6F2E6;
					};
				};
			};
			buildConfigurationList = F035E16E284B76CA00E6F2E6 /* Build configuration list for PBXProject "pendu" */;
			compatibilityVersion = "Xcode 9.3";
			developmentRegion = en;
			hasScannedForEncodings = 0;
			knownRegions = (
				en,
				Base,
			);
			mainGroup = F035E16A284B76CA00E6F2E6;
			productRefGroup = F035E174284B76CA00E6F2E6 /* Products */;
			projectDirPath = "";
			projectRoot = "";
			targets = (
				F035E172284B76CA00E6F2E6 /* pendu */,
				F035E188284B76CC00E6F2E6 /* penduTests */,
				F035E193284B76CC00E6F2E6 /* penduUITests */,
			);
		};
/* End PBXProject section */

/* Begin PBXResourcesBuildPhase section */
		F035E171284B76CA00E6F2E6 /* Resources */ = {
			isa = PBXResourcesBuildPhase;
			buildActionMask = 2147483647;
			files = (
				F035E1EB284C207F00E6F2E6 /* AnwserLetterView.xib in Resources */,
				F035E1AF284B79A000E6F2E6 /* GameViewController.xib in Resources */,
				F035E1BC284B807100E6F2E6 /* GameStoryboard.storyboard in Resources */,
				F035E183284B76CC00E6F2E6 /* LaunchScreen.storyboard in Resources */,
				F035E180284B76CC00E6F2E6 /* Assets.xcassets in Resources */,
				F035E17E284B76CA00E6F2E6 /* Main.storyboard in Resources */,
				F035E1DB284BE7D700E6F2E6 /* KeyboardView.xib in Resources */,
				F035E1D0284BB7FA00E6F2E6 /* KeyboardButtonView.xib in Resources */,
			);
			runOnlyForDeploymentPostprocessing = 0;
		};
		F035E187284B76CC00E6F2E6 /* Resources */ = {
			isa = PBXResourcesBuildPhase;
			buildActionMask = 2147483647;
			files = (
			);
			runOnlyForDeploymentPostprocessing = 0;
		};
		F035E192284B76CC00E6F2E6 /* Resources */ = {
			isa = PBXResourcesBuildPhase;
			buildActionMask = 2147483647;
			files = (
			);
			runOnlyForDeploymentPostprocessing = 0;
		};
/* End PBXResourcesBuildPhase section */

/* Begin PBXSourcesBuildPhase section */
		F035E16F284B76CA00E6F2E6 /* Sources */ = {
			isa = PBXSourcesBuildPhase;
			buildActionMask = 2147483647;
			files = (
				F035E1AE284B79A000E6F2E6 /* GameViewController.swift in Sources */,
				F035E203284D857700E6F2E6 /* Game.swift in Sources */,
				F035E1CB284BB54600E6F2E6 /* KeyboardButtonController.swift in Sources */,
				F035E17B284B76CA00E6F2E6 /* ViewController.swift in Sources */,
				F035E177284B76CA00E6F2E6 /* AppDelegate.swift in Sources */,
				F035E1E0284BE89500E6F2E6 /* KeyboardController.swift in Sources */,
				F035E1FB284C30CC00E6F2E6 /* RandomFrenchWord.swift in Sources */,
				F035E1F5284C25B300E6F2E6 /* AnswerController.swift in Sources */,
				F035E179284B76CA00E6F2E6 /* SceneDelegate.swift in Sources */,
				F035E1F0284C24A900E6F2E6 /* AnwserLetterController.swift in Sources */,
			);
			runOnlyForDeploymentPostprocessing = 0;
		};
		F035E185284B76CC00E6F2E6 /* Sources */ = {
			isa = PBXSourcesBuildPhase;
			buildActionMask = 2147483647;
			files = (
				F035E18E284B76CC00E6F2E6 /* penduTests.swift in Sources */,
			);
			runOnlyForDeploymentPostprocessing = 0;
		};
		F035E190284B76CC00E6F2E6 /* Sources */ = {
			isa = PBXSourcesBuildPhase;
			buildActionMask = 2147483647;
			files = (
				F035E199284B76CC00E6F2E6 /* penduUITests.swift in Sources */,
			);
			runOnlyForDeploymentPostprocessing = 0;
		};
/* End PBXSourcesBuildPhase section */

/* Begin PBXTargetDependency section */
		F035E18B284B76CC00E6F2E6 /* PBXTargetDependency */ = {
			isa = PBXTargetDependency;
			target = F035E172284B76CA00E6F2E6 /* pendu */;
			targetProxy = F035E18A284B76CC00E6F2E6 /* PBXContainerItemProxy */;
		};
		F035E196284B76CC00E6F2E6 /* PBXTargetDependency */ = {
			isa = PBXTargetDependency;
			target = F035E172284B76CA00E6F2E6 /* pendu */;
			targetProxy = F035E195284B76CC00E6F2E6 /* PBXContainerItemProxy */;
		};
/* End PBXTargetDependency section */

/* Begin PBXVariantGroup section */
		F035E17C284B76CA00E6F2E6 /* Main.storyboard */ = {
			isa = PBXVariantGroup;
			children = (
				F035E17D284B76CA00E6F2E6 /* Base */,
			);
			name = Main.storyboard;
			sourceTree = "<group>";
		};
		F035E181284B76CC00E6F2E6 /* LaunchScreen.storyboard */ = {
			isa = PBXVariantGroup;
			children = (
				F035E182284B76CC00E6F2E6 /* Base */,
			);
			name = LaunchScreen.storyboard;
			sourceTree = "<group>";
		};
/* End PBXVariantGroup section */

/* Begin XCBuildConfiguration section */
		F035E19B284B76CC00E6F2E6 /* Debug */ = {
			isa = XCBuildConfiguration;
			buildSettings = {
				ALWAYS_SEARCH_USER_PATHS = NO;
				CLANG_ANALYZER_NONNULL = YES;
				CLANG_ANALYZER_NUMBER_OBJECT_CONVERSION = YES_AGGRESSIVE;
				CLANG_CXX_LANGUAGE_STANDARD = "gnu++14";
				CLANG_CXX_LIBRARY = "libc++";
				CLANG_ENABLE_MODULES = YES;
				CLANG_ENABLE_OBJC_ARC = YES;
				CLANG_ENABLE_OBJC_WEAK = YES;
				CLANG_WARN_BLOCK_CAPTURE_AUTORELEASING = YES;
				CLANG_WARN_BOOL_CONVERSION = YES;
				CLANG_WARN_COMMA = YES;
				CLANG_WARN_CONSTANT_CONVERSION = YES;
				CLANG_WARN_DEPRECATED_OBJC_IMPLEMENTATIONS = YES;
				CLANG_WARN_DIRECT_OBJC_ISA_USAGE = YES_ERROR;
				CLANG_WARN_DOCUMENTATION_COMMENTS = YES;
				CLANG_WARN_EMPTY_BODY = YES;
				CLANG_WARN_ENUM_CONVERSION = YES;
				CLANG_WARN_INFINITE_RECURSION = YES;
				CLANG_WARN_INT_CONVERSION = YES;
				CLANG_WARN_NON_LITERAL_NULL_CONVERSION = YES;
				CLANG_WARN_OBJC_IMPLICIT_RETAIN_SELF = YES;
				CLANG_WARN_OBJC_LITERAL_CONVERSION = YES;
				CLANG_WARN_OBJC_ROOT_CLASS = YES_ERROR;
				CLANG_WARN_QUOTED_INCLUDE_IN_FRAMEWORK_HEADER = YES;
				CLANG_WARN_RANGE_LOOP_ANALYSIS = YES;
				CLANG_WARN_STRICT_PROTOTYPES = YES;
				CLANG_WARN_SUSPICIOUS_MOVE = YES;
				CLANG_WARN_UNGUARDED_AVAILABILITY = YES_AGGRESSIVE;
				CLANG_WARN_UNREACHABLE_CODE = YES;
				CLANG_WARN__DUPLICATE_METHOD_MATCH = YES;
				COPY_PHASE_STRIP = NO;
				DEBUG_INFORMATION_FORMAT = dwarf;
				ENABLE_STRICT_OBJC_MSGSEND = YES;
				ENABLE_TESTABILITY = YES;
				GCC_C_LANGUAGE_STANDARD = gnu11;
				GCC_DYNAMIC_NO_PIC = NO;
				GCC_NO_COMMON_BLOCKS = YES;
				GCC_OPTIMIZATION_LEVEL = 0;
				GCC_PREPROCESSOR_DEFINITIONS = (
					"DEBUG=1",
					"$(inherited)",
				);
				GCC_WARN_64_TO_32_BIT_CONVERSION = YES;
				GCC_WARN_ABOUT_RETURN_TYPE = YES_ERROR;
				GCC_WARN_UNDECLARED_SELECTOR = YES;
				GCC_WARN_UNINITIALIZED_AUTOS = YES_AGGRESSIVE;
				GCC_WARN_UNUSED_FUNCTION = YES;
				GCC_WARN_UNUSED_VARIABLE = YES;
				IPHONEOS_DEPLOYMENT_TARGET = 14.4;
				MTL_ENABLE_DEBUG_INFO = INCLUDE_SOURCE;
				MTL_FAST_MATH = YES;
				ONLY_ACTIVE_ARCH = YES;
				SDKROOT = iphoneos;
				SWIFT_ACTIVE_COMPILATION_CONDITIONS = DEBUG;
				SWIFT_OPTIMIZATION_LEVEL = "-Onone";
			};
			name = Debug;
		};
		F035E19C284B76CC00E6F2E6 /* Release */ = {
			isa = XCBuildConfiguration;
			buildSettings = {
				ALWAYS_SEARCH_USER_PATHS = NO;
				CLANG_ANALYZER_NONNULL = YES;
				CLANG_ANALYZER_NUMBER_OBJECT_CONVERSION = YES_AGGRESSIVE;
				CLANG_CXX_LANGUAGE_STANDARD = "gnu++14";
				CLANG_CXX_LIBRARY = "libc++";
				CLANG_ENABLE_MODULES = YES;
				CLANG_ENABLE_OBJC_ARC = YES;
				CLANG_ENABLE_OBJC_WEAK = YES;
				CLANG_WARN_BLOCK_CAPTURE_AUTORELEASING = YES;
				CLANG_WARN_BOOL_CONVERSION = YES;
				CLANG_WARN_COMMA = YES;
				CLANG_WARN_CONSTANT_CONVERSION = YES;
				CLANG_WARN_DEPRECATED_OBJC_IMPLEMENTATIONS = YES;
				CLANG_WARN_DIRECT_OBJC_ISA_USAGE = YES_ERROR;
				CLANG_WARN_DOCUMENTATION_COMMENTS = YES;
				CLANG_WARN_EMPTY_BODY = YES;
				CLANG_WARN_ENUM_CONVERSION = YES;
				CLANG_WARN_INFINITE_RECURSION = YES;
				CLANG_WARN_INT_CONVERSION = YES;
				CLANG_WARN_NON_LITERAL_NULL_CONVERSION = YES;
				CLANG_WARN_OBJC_IMPLICIT_RETAIN_SELF = YES;
				CLANG_WARN_OBJC_LITERAL_CONVERSION = YES;
				CLANG_WARN_OBJC_ROOT_CLASS = YES_ERROR;
				CLANG_WARN_QUOTED_INCLUDE_IN_FRAMEWORK_HEADER = YES;
				CLANG_WARN_RANGE_LOOP_ANALYSIS = YES;
				CLANG_WARN_STRICT_PROTOTYPES = YES;
				CLANG_WARN_SUSPICIOUS_MOVE = YES;
				CLANG_WARN_UNGUARDED_AVAILABILITY = YES_AGGRESSIVE;
				CLANG_WARN_UNREACHABLE_CODE = YES;
				CLANG_WARN__DUPLICATE_METHOD_MATCH = YES;
				COPY_PHASE_STRIP = NO;
				DEBUG_INFORMATION_FORMAT = "dwarf-with-dsym";
				ENABLE_NS_ASSERTIONS = NO;
				ENABLE_STRICT_OBJC_MSGSEND = YES;
				GCC_C_LANGUAGE_STANDARD = gnu11;
				GCC_NO_COMMON_BLOCKS = YES;
				GCC_WARN_64_TO_32_BIT_CONVERSION = YES;
				GCC_WARN_ABOUT_RETURN_TYPE = YES_ERROR;
				GCC_WARN_UNDECLARED_SELECTOR = YES;
				GCC_WARN_UNINITIALIZED_AUTOS = YES_AGGRESSIVE;
				GCC_WARN_UNUSED_FUNCTION = YES;
				GCC_WARN_UNUSED_VARIABLE = YES;
				IPHONEOS_DEPLOYMENT_TARGET = 14.4;
				MTL_ENABLE_DEBUG_INFO = NO;
				MTL_FAST_MATH = YES;
				SDKROOT = iphoneos;
				SWIFT_COMPILATION_MODE = wholemodule;
				SWIFT_OPTIMIZATION_LEVEL = "-O";
				VALIDATE_PRODUCT = YES;
			};
			name = Release;
		};
		F035E19E284B76CC00E6F2E6 /* Debug */ = {
			isa = XCBuildConfiguration;
			buildSettings = {
				ASSETCATALOG_COMPILER_APPICON_NAME = AppIcon;
				ASSETCATALOG_COMPILER_GLOBAL_ACCENT_COLOR_NAME = AccentColor;
				CODE_SIGN_STYLE = Automatic;
				INFOPLIST_FILE = pendu/Info.plist;
				LD_RUNPATH_SEARCH_PATHS = (
					"$(inherited)",
					"@executable_path/Frameworks",
				);
				PRODUCT_BUNDLE_IDENTIFIER = ca.philrousse.pendu;
				PRODUCT_NAME = "$(TARGET_NAME)";
				SWIFT_VERSION = 5.0;
				TARGETED_DEVICE_FAMILY = "1,2";
			};
			name = Debug;
		};
		F035E19F284B76CC00E6F2E6 /* Release */ = {
			isa = XCBuildConfiguration;
			buildSettings = {
				ASSETCATALOG_COMPILER_APPICON_NAME = AppIcon;
				ASSETCATALOG_COMPILER_GLOBAL_ACCENT_COLOR_NAME = AccentColor;
				CODE_SIGN_STYLE = Automatic;
				INFOPLIST_FILE = pendu/Info.plist;
				LD_RUNPATH_SEARCH_PATHS = (
					"$(inherited)",
					"@executable_path/Frameworks",
				);
				PRODUCT_BUNDLE_IDENTIFIER = ca.philrousse.pendu;
				PRODUCT_NAME = "$(TARGET_NAME)";
				SWIFT_VERSION = 5.0;
				TARGETED_DEVICE_FAMILY = "1,2";
			};
			name = Release;
		};
		F035E1A1284B76CC00E6F2E6 /* Debug */ = {
			isa = XCBuildConfiguration;
			buildSettings = {
				ALWAYS_EMBED_SWIFT_STANDARD_LIBRARIES = YES;
				BUNDLE_LOADER = "$(TEST_HOST)";
				CODE_SIGN_STYLE = Automatic;
				INFOPLIST_FILE = penduTests/Info.plist;
				IPHONEOS_DEPLOYMENT_TARGET = 14.4;
				LD_RUNPATH_SEARCH_PATHS = (
					"$(inherited)",
					"@executable_path/Frameworks",
					"@loader_path/Frameworks",
				);
				PRODUCT_BUNDLE_IDENTIFIER = ca.philrousse.penduTests;
				PRODUCT_NAME = "$(TARGET_NAME)";
				SWIFT_VERSION = 5.0;
				TARGETED_DEVICE_FAMILY = "1,2";
				TEST_HOST = "$(BUILT_PRODUCTS_DIR)/pendu.app/pendu";
			};
			name = Debug;
		};
		F035E1A2284B76CC00E6F2E6 /* Release */ = {
			isa = XCBuildConfiguration;
			buildSettings = {
				ALWAYS_EMBED_SWIFT_STANDARD_LIBRARIES = YES;
				BUNDLE_LOADER = "$(TEST_HOST)";
				CODE_SIGN_STYLE = Automatic;
				INFOPLIST_FILE = penduTests/Info.plist;
				IPHONEOS_DEPLOYMENT_TARGET = 14.4;
				LD_RUNPATH_SEARCH_PATHS = (
					"$(inherited)",
					"@executable_path/Frameworks",
					"@loader_path/Frameworks",
				);
				PRODUCT_BUNDLE_IDENTIFIER = ca.philrousse.penduTests;
				PRODUCT_NAME = "$(TARGET_NAME)";
				SWIFT_VERSION = 5.0;
				TARGETED_DEVICE_FAMILY = "1,2";
				TEST_HOST = "$(BUILT_PRODUCTS_DIR)/pendu.app/pendu";
			};
			name = Release;
		};
		F035E1A4284B76CC00E6F2E6 /* Debug */ = {
			isa = XCBuildConfiguration;
			buildSettings = {
				ALWAYS_EMBED_SWIFT_STANDARD_LIBRARIES = YES;
				CODE_SIGN_STYLE = Automatic;
				INFOPLIST_FILE = penduUITests/Info.plist;
				LD_RUNPATH_SEARCH_PATHS = (
					"$(inherited)",
					"@executable_path/Frameworks",
					"@loader_path/Frameworks",
				);
				PRODUCT_BUNDLE_IDENTIFIER = ca.philrousse.penduUITests;
				PRODUCT_NAME = "$(TARGET_NAME)";
				SWIFT_VERSION = 5.0;
				TARGETED_DEVICE_FAMILY = "1,2";
				TEST_TARGET_NAME = pendu;
			};
			name = Debug;
		};
		F035E1A5284B76CC00E6F2E6 /* Release */ = {
			isa = XCBuildConfiguration;
			buildSettings = {
				ALWAYS_EMBED_SWIFT_STANDARD_LIBRARIES = YES;
				CODE_SIGN_STYLE = Automatic;
				INFOPLIST_FILE = penduUITests/Info.plist;
				LD_RUNPATH_SEARCH_PATHS = (
					"$(inherited)",
					"@executable_path/Frameworks",
					"@loader_path/Frameworks",
				);
				PRODUCT_BUNDLE_IDENTIFIER = ca.philrousse.penduUITests;
				PRODUCT_NAME = "$(TARGET_NAME)";
				SWIFT_VERSION = 5.0;
				TARGETED_DEVICE_FAMILY = "1,2";
				TEST_TARGET_NAME = pendu;
			};
			name = Release;
		};
/* End XCBuildConfiguration section */

/* Begin XCConfigurationList section */
		F035E16E284B76CA00E6F2E6 /* Build configuration list for PBXProject "pendu" */ = {
			isa = XCConfigurationList;
			buildConfigurations = (
				F035E19B284B76CC00E6F2E6 /* Debug */,
				F035E19C284B76CC00E6F2E6 /* Release */,
			);
			defaultConfigurationIsVisible = 0;
			defaultConfigurationName = Release;
		};
		F035E19D284B76CC00E6F2E6 /* Build configuration list for PBXNativeTarget "pendu" */ = {
			isa = XCConfigurationList;
			buildConfigurations = (
				F035E19E284B76CC00E6F2E6 /* Debug */,
				F035E19F284B76CC00E6F2E6 /* Release */,
			);
			defaultConfigurationIsVisible = 0;
			defaultConfigurationName = Release;
		};
		F035E1A0284B76CC00E6F2E6 /* Build configuration list for PBXNativeTarget "penduTests" */ = {
			isa = XCConfigurationList;
			buildConfigurations = (
				F035E1A1284B76CC00E6F2E6 /* Debug */,
				F035E1A2284B76CC00E6F2E6 /* Release */,
			);
			defaultConfigurationIsVisible = 0;
			defaultConfigurationName = Release;
		};
		F035E1A3284B76CC00E6F2E6 /* Build configuration list for PBXNativeTarget "penduUITests" */ = {
			isa = XCConfigurationList;
			buildConfigurations = (
				F035E1A4284B76CC00E6F2E6 /* Debug */,
				F035E1A5284B76CC00E6F2E6 /* Release */,
			);
			defaultConfigurationIsVisible = 0;
			defaultConfigurationName = Release;
		};
/* End XCConfigurationList section */
	};
	rootObject = F035E16B284B76CA00E6F2E6 /* Project object */;
}
